
Microsoft Visual Studio Solution File, Format Version 12.00
# Visual Studio Version 16
VisualStudioVersion = 16.0.30413.136
MinimumVisualStudioVersion = 10.0.40219.1
Project("{8BC9CEB8-8B4A-11D0-8D11-00A0C91BC942}") = "Engine", "BuildTool\VisualStudio\Engine\Engine.vcxproj", "{A53BAC4C-0D5A-4C6D-A37B-F48BC6F54B3C}"
EndProject
Project("{8BC9CEB8-8B4A-11D0-8D11-00A0C91BC942}") = "EngineTest", "BuildTool\VisualStudio\EngineTest\EngineTest.vcxproj", "{EBB82968-5AA0-407E-9B22-2A2134FA183A}"
EndProject
Project("{2150E333-8FDC-42A3-9474-1A3956D46DE8}") = "Solution Items", "Solution Items", "{6D9BF8B6-8155-4728-B46E-A5722F61CA2C}"
	ProjectSection(SolutionItems) = preProject
		.clang-format = .clang-format
		.gitignore = .gitignore
	EndProjectSection
EndProject
Global
	GlobalSection(SolutionConfigurationPlatforms) = preSolution
		Debug|x64 = Debug|x64
		Debug|x86 = Debug|x86
		Release|x64 = Release|x64
		Release|x86 = Release|x86
	EndGlobalSection
	GlobalSection(ProjectConfigurationPlatforms) = postSolution
		{A53BAC4C-0D5A-4C6D-A37B-F48BC6F54B3C}.Debug|x64.ActiveCfg = Debug|x64
		{A53BAC4C-0D5A-4C6D-A37B-F48BC6F54B3C}.Debug|x64.Build.0 = Debug|x64
		{A53BAC4C-0D5A-4C6D-A37B-F48BC6F54B3C}.Debug|x86.ActiveCfg = Debug|Win32
		{A53BAC4C-0D5A-4C6D-A37B-F48BC6F54B3C}.Debug|x86.Build.0 = Debug|Win32
		{A53BAC4C-0D5A-4C6D-A37B-F48BC6F54B3C}.Release|x64.ActiveCfg = Release|x64
		{A53BAC4C-0D5A-4C6D-A37B-F48BC6F54B3C}.Release|x64.Build.0 = Release|x64
		{A53BAC4C-0D5A-4C6D-A37B-F48BC6F54B3C}.Release|x86.ActiveCfg = Release|Win32
		{A53BAC4C-0D5A-4C6D-A37B-F48BC6F54B3C}.Release|x86.Build.0 = Release|Win32
		{EBB82968-5AA0-407E-9B22-2A2134FA183A}.Debug|x64.ActiveCfg = Debug|x64
		{EBB82968-5AA0-407E-9B22-2A2134FA183A}.Debug|x64.Build.0 = Debug|x64
		{EBB82968-5AA0-407E-9B22-2A2134FA183A}.Debug|x86.ActiveCfg = Debug|Win32
		{EBB82968-5AA0-407E-9B22-2A2134FA183A}.Debug|x86.Build.0 = Debug|Win32
		{EBB82968-5AA0-407E-9B22-2A2134FA183A}.Release|x64.ActiveCfg = Release|x64
		{EBB82968-5AA0-407E-9B22-2A2134FA183A}.Release|x64.Build.0 = Release|x64
		{EBB82968-5AA0-407E-9B22-2A2134FA183A}.Release|x86.ActiveCfg = Release|Win32
		{EBB82968-5AA0-407E-9B22-2A2134FA183A}.Release|x86.Build.0 = Release|Win32
	EndGlobalSection
	GlobalSection(SolutionProperties) = preSolution
		HideSolutionNode = FALSE
	EndGlobalSection
	GlobalSection(ExtensibilityGlobals) = postSolution
		SolutionGuid = {6A6443B6-8F2F-4B39-87E0-70F4B316414B}
	EndGlobalSection
EndGlobal
