<?xml version="1.0" encoding="utf-8"?>
<Project ToolsVersion="4.0" xmlns="http://schemas.microsoft.com/developer/msbuild/2003">
  <ItemGroup>
    <Filter Include="Source Files">
      <UniqueIdentifier>{4FC737F1-C7A5-4376-A066-2A32D752A2FF}</UniqueIdentifier>
      <Extensions>cpp;c;cc;cxx;c++;cppm;ixx;def;odl;idl;hpj;bat;asm;asmx</Extensions>
    </Filter>
    <Filter Include="Header Files">
      <UniqueIdentifier>{93995380-89BD-4b04-88EB-625FBE52EBFB}</UniqueIdentifier>
      <Extensions>h;hh;hpp;hxx;h++;hm;inl;inc;ipp;xsd</Extensions>
    </Filter>
    <Filter Include="Resource Files">
      <UniqueIdentifier>{67DA6AB6-F800-4c08-8B7A-83BB121AAD01}</UniqueIdentifier>
      <Extensions>rc;ico;cur;bmp;dlg;rc2;rct;bin;rgs;gif;jpg;jpeg;jpe;resx;tiff;tif;png;wav;mfcribbon-ms</Extensions>
    </Filter>
    <Filter Include="Project Configurations">
      <UniqueIdentifier>{866efa43-8094-4770-8829-e6e860686ec2}</UniqueIdentifier>
    </Filter>
    <Filter Include="Engine">
      <UniqueIdentifier>{ae592eeb-0a57-4384-84d0-20b905dcf1bf}</UniqueIdentifier>
    </Filter>
    <Filter Include="Engine\Vulkan">
      <UniqueIdentifier>{4b4f788c-8782-4970-b1f4-d75a9f37b8e5}</UniqueIdentifier>
    </Filter>
    <Filter Include="Engine\Platform">
      <UniqueIdentifier>{2bc7811a-0bb4-49ab-8e6e-7d8a5a3634e1}</UniqueIdentifier>
    </Filter>
    <Filter Include="Engine\Window">
      <UniqueIdentifier>{ce07d63f-d3a0-4ffe-ad87-6104a239eaaf}</UniqueIdentifier>
    </Filter>
    <Filter Include="Engine\Render">
      <UniqueIdentifier>{e62675e0-e887-4265-b975-533e05d8cb0d}</UniqueIdentifier>
    </Filter>
    <Filter Include="Engine\Filesystem">
      <UniqueIdentifier>{b6d65cda-61a4-478f-988b-16a3311e34a8}</UniqueIdentifier>
    </Filter>
    <Filter Include="Engine\Model">
      <UniqueIdentifier>{831db479-bdc4-426b-84e2-d37b7ea476b6}</UniqueIdentifier>
    </Filter>
    <Filter Include="Engine\Camera">
      <UniqueIdentifier>{5f30d833-ad85-41ca-891b-2954add231fb}</UniqueIdentifier>
    </Filter>
  </ItemGroup>
  <ItemGroup>
    <None Include="vcpkg.json">
      <Filter>Project Configurations</Filter>
    </None>
  </ItemGroup>
  <ItemGroup>
    <ClCompile Include="..\..\..\Source\Engine\Vulkan\VulkanInstance.cpp">
      <Filter>Engine\Vulkan</Filter>
    </ClCompile>
    <ClCompile Include="..\..\..\Source\Engine\Vulkan\VulkanDevice.cpp">
      <Filter>Engine\Vulkan</Filter>
    </ClCompile>
    <ClCompile Include="..\..\..\Source\Engine\Vulkan\VulkanQueue.cpp">
      <Filter>Engine\Vulkan</Filter>
    </ClCompile>
    <ClCompile Include="..\..\..\Source\Engine\Vulkan\VulkanSwapchain.cpp">
      <Filter>Engine\Vulkan</Filter>
    </ClCompile>
    <ClCompile Include="..\..\..\Source\Engine\Vulkan\VulkanWindowSurface.cpp">
      <Filter>Engine\Vulkan</Filter>
    </ClCompile>
    <ClCompile Include="..\..\..\Source\Engine\Vulkan\VulkanRenderPass.cpp">
      <Filter>Engine\Vulkan</Filter>
    </ClCompile>
    <ClCompile Include="..\..\..\Source\Engine\Vulkan\VulkanShader.cpp">
      <Filter>Engine\Vulkan</Filter>
    </ClCompile>
    <ClCompile Include="..\..\..\Source\Engine\Vulkan\VulkanShaderCompiler.cpp">
      <Filter>Engine\Vulkan</Filter>
    </ClCompile>
    <ClCompile Include="..\..\..\Source\Engine\Filesystem\FileUtil.cpp">
      <Filter>Engine\Filesystem</Filter>
    </ClCompile>
    <ClCompile Include="..\..\..\Source\Engine\Vulkan\VulkanUtil.cpp">
      <Filter>Engine\Vulkan</Filter>
    </ClCompile>
    <ClCompile Include="..\..\..\Source\Engine\Vulkan\VulkanPipeline.cpp">
      <Filter>Engine\Vulkan</Filter>
    </ClCompile>
    <ClCompile Include="..\..\..\Source\Engine\Vulkan\VulkanDescriptorSets.cpp">
      <Filter>Engine\Vulkan</Filter>
    </ClCompile>
    <ClCompile Include="..\..\..\Source\Engine\pch.cpp">
      <Filter>Engine</Filter>
    </ClCompile>
    <ClCompile Include="..\..\..\Source\Engine\Vulkan\VulkanShaderProgram.cpp">
      <Filter>Engine\Vulkan</Filter>
    </ClCompile>
    <ClCompile Include="..\..\..\Source\Engine\Vulkan\VulkanPipelineState.cpp">
      <Filter>Engine\Vulkan</Filter>
    </ClCompile>
    <ClCompile Include="..\..\..\Source\Engine\Vulkan\VulkanDebug.cpp">
      <Filter>Engine\Vulkan</Filter>
    </ClCompile>
    <ClCompile Include="..\..\..\Source\Engine\Vulkan\VulkanFramebuffer.cpp">
      <Filter>Engine\Vulkan</Filter>
    </ClCompile>
    <ClCompile Include="..\..\..\Source\Engine\Vulkan\VulkanSemaphore.cpp">
      <Filter>Engine\Vulkan</Filter>
    </ClCompile>
    <ClCompile Include="..\..\..\Source\Engine\Vulkan\VulkanFence.cpp">
      <Filter>Engine\Vulkan</Filter>
    </ClCompile>
    <ClCompile Include="..\..\..\Source\Engine\Vulkan\VulkanCommandBuffer.cpp">
      <Filter>Engine\Vulkan</Filter>
    </ClCompile>
    <ClCompile Include="..\..\..\Source\Engine\Vulkan\VulkanRenderer.cpp">
      <Filter>Engine\Vulkan</Filter>
    </ClCompile>
    <ClCompile Include="..\..\..\Source\Engine\Vulkan\VulkanPresenter.cpp">
      <Filter>Engine\Vulkan</Filter>
    </ClCompile>
    <ClCompile Include="..\..\..\Source\Engine\Vulkan\VulkanComputer.cpp">
      <Filter>Engine\Vulkan</Filter>
    </ClCompile>
    <ClCompile Include="..\..\..\Source\Engine\Vulkan\VulkanImageView.cpp">
      <Filter>Engine\Vulkan</Filter>
    </ClCompile>
    <ClCompile Include="..\..\..\Source\Engine\Vulkan\VulkanRenderTargetLayout.cpp">
      <Filter>Engine\Vulkan</Filter>
    </ClCompile>
    <ClCompile Include="..\..\..\Source\Engine\Model\Model.cpp">
      <Filter>Engine\Model</Filter>
    </ClCompile>
    <ClCompile Include="..\..\..\Source\Engine\Model\World.cpp">
      <Filter>Engine\Model</Filter>
    </ClCompile>
    <ClCompile Include="..\..\..\Source\Engine\Vulkan\VulkanMemoryManager.cpp">
      <Filter>Engine\Vulkan</Filter>
    </ClCompile>
    <ClCompile Include="..\..\..\Source\Engine\Render\Definitions.cpp">
      <Filter>Engine\Render</Filter>
    </ClCompile>
    <ClCompile Include="..\..\..\Source\Engine\Camera\Camera.cpp">
      <Filter>Engine\Camera</Filter>
    </ClCompile>
  </ItemGroup>
  <ItemGroup>
    <ClInclude Include="..\..\..\Source\Engine\Vulkan\VulkanInstance.h">
      <Filter>Engine\Vulkan</Filter>
    </ClInclude>
    <ClInclude Include="..\..\..\Source\Engine\Platform\Platform.h">
      <Filter>Engine\Platform</Filter>
    </ClInclude>
    <ClInclude Include="..\..\..\Source\Engine\Vulkan\VulkanDevice.h">
      <Filter>Engine\Vulkan</Filter>
    </ClInclude>
    <ClInclude Include="..\..\..\Source\Engine\Vulkan\VulkanUtil.h">
      <Filter>Engine\Vulkan</Filter>
    </ClInclude>
    <ClInclude Include="..\..\..\Source\Engine\Vulkan\VulkanQueue.h">
      <Filter>Engine\Vulkan</Filter>
    </ClInclude>
    <ClInclude Include="..\..\..\Source\Engine\Vulkan\VulkanSwapchain.h">
      <Filter>Engine\Vulkan</Filter>
    </ClInclude>
    <ClInclude Include="..\..\..\Source\Engine\Vulkan\VulkanWindowSurface.h">
      <Filter>Engine\Vulkan</Filter>
    </ClInclude>
    <ClInclude Include="..\..\..\Source\Engine\Vulkan\VulkanRenderPass.h">
      <Filter>Engine\Vulkan</Filter>
    </ClInclude>
    <ClInclude Include="..\..\..\Source\Engine\Vulkan\VulkanRenderTargetLayout.h">
      <Filter>Engine\Vulkan</Filter>
    </ClInclude>
    <ClInclude Include="..\..\..\Source\Engine\Vulkan\VulkanShader.h">
      <Filter>Engine\Vulkan</Filter>
    </ClInclude>
    <ClInclude Include="..\..\..\Source\Engine\Render\Definitions.h">
      <Filter>Engine\Render</Filter>
    </ClInclude>
    <ClInclude Include="..\..\..\Source\Engine\Filesystem\FileUtil.h">
      <Filter>Engine\Filesystem</Filter>
    </ClInclude>
    <ClInclude Include="..\..\..\Source\Engine\Vulkan\VulkanShaderCompiler.h">
      <Filter>Engine\Vulkan</Filter>
    </ClInclude>
    <ClInclude Include="..\..\..\Source\Engine\Vulkan\VulkanPipeline.h">
      <Filter>Engine\Vulkan</Filter>
    </ClInclude>
    <ClInclude Include="..\..\..\Source\Engine\Vulkan\VulkanDescriptorSets.h">
      <Filter>Engine\Vulkan</Filter>
    </ClInclude>
    <ClInclude Include="..\..\..\Source\Engine\Vulkan\VulkanPipelineState.h">
      <Filter>Engine\Vulkan</Filter>
    </ClInclude>
    <ClInclude Include="..\..\..\Source\Engine\Vulkan\VulkanShaderProgram.h">
      <Filter>Engine\Vulkan</Filter>
    </ClInclude>
    <ClInclude Include="..\..\..\Source\Engine\pch.h">
      <Filter>Engine</Filter>
    </ClInclude>
    <ClInclude Include="..\..\..\Source\Engine\Vulkan\VulkanFramebuffer.h">
      <Filter>Engine\Vulkan</Filter>
    </ClInclude>
    <ClInclude Include="..\..\..\Source\Engine\Vulkan\VulkanSemaphore.h">
      <Filter>Engine\Vulkan</Filter>
    </ClInclude>
    <ClInclude Include="..\..\..\Source\Engine\Vulkan\VulkanFence.h">
      <Filter>Engine\Vulkan</Filter>
    </ClInclude>
    <ClInclude Include="..\..\..\Source\Engine\Vulkan\VulkanCommandBuffer.h">
      <Filter>Engine\Vulkan</Filter>
    </ClInclude>
    <ClInclude Include="..\..\..\Source\Engine\Vulkan\VulkanRenderer.h">
      <Filter>Engine\Vulkan</Filter>
    </ClInclude>
    <ClInclude Include="..\..\..\Source\Engine\Vulkan\VulkanPresenter.h">
      <Filter>Engine\Vulkan</Filter>
    </ClInclude>
    <ClInclude Include="..\..\..\Source\Engine\Vulkan\VulkanComputer.h">
      <Filter>Engine\Vulkan</Filter>
    </ClInclude>
    <ClInclude Include="..\..\..\Source\Engine\Vulkan\VulkanImageView.h">
      <Filter>Engine\Vulkan</Filter>
    </ClInclude>
    <ClInclude Include="..\..\..\Source\Engine\Include\SillyCatEngine.h">
      <Filter>Engine</Filter>
    </ClInclude>
    <ClInclude Include="..\..\..\Source\Engine\Model\Model.h">
      <Filter>Engine\Model</Filter>
    </ClInclude>
    <ClInclude Include="..\..\..\Source\Engine\Model\World.h">
      <Filter>Engine\Model</Filter>
    </ClInclude>
    <ClInclude Include="..\..\..\Source\Engine\Vulkan\VulkanMemoryManager.h">
      <Filter>Engine\Vulkan</Filter>
    </ClInclude>
    <ClInclude Include="..\..\..\Source\Engine\Camera\Camera.h">
      <Filter>Engine\Camera</Filter>
    </ClInclude>
  </ItemGroup>
</Project>