<?xml version="1.0" encoding="utf-8"?>
<Project ToolsVersion="4.0" xmlns="http://schemas.microsoft.com/developer/msbuild/2003">
  <ItemGroup>
    <Filter Include="Source">
      <UniqueIdentifier>{234f932a-2038-4a33-a763-baee47395af4}</UniqueIdentifier>
    </Filter>
    <Filter Include="Shader">
      <UniqueIdentifier>{40d1103a-fd32-430b-a3ec-3c678455b423}</UniqueIdentifier>
    </Filter>
    <Filter Include="Shader\BaseColor">
      <UniqueIdentifier>{ba2b7d3f-5735-437c-b484-41b8ebc754d1}</UniqueIdentifier>
    </Filter>
    <Filter Include="Shader\VertexColor">
      <UniqueIdentifier>{8034f90c-d640-45e2-b053-488db8ff90d0}</UniqueIdentifier>
    </Filter>
    <Filter Include="Shader\Wireframe">
      <UniqueIdentifier>{4cd30a5e-c69e-438c-a529-89c9933100d0}</UniqueIdentifier>
    </Filter>
  </ItemGroup>
  <ItemGroup>
    <ClCompile Include="..\..\..\App\ModelRenderer\Source\ModelRenderer.cpp">
      <Filter>Source</Filter>
    </ClCompile>
    <ClCompile Include="..\..\..\App\ModelRenderer\Source\pch.cpp">
      <Filter>Source</Filter>
    </ClCompile>
  </ItemGroup>
  <ItemGroup>
    <ClInclude Include="..\..\..\App\ModelRenderer\Source\pch.h">
      <Filter>Source</Filter>
    </ClInclude>
    <ClInclude Include="..\..\..\App\ModelRenderer\Source\ShaderList.h">
      <Filter>Source</Filter>
    </ClInclude>
    <ClInclude Include="..\..\..\App\ModelRenderer\Source\Shader\BaseColor\BaseColor.h">
      <Filter>Shader\BaseColor</Filter>
    </ClInclude>
    <ClInclude Include="..\..\..\App\ModelRenderer\Source\Shader\WireFrame\Wireframe.h">
      <Filter>Shader\Wireframe</Filter>
    </ClInclude>
    <ClInclude Include="..\..\..\App\ModelRenderer\Source\Shader\VertexColor\VertexColor.h">
      <Filter>Shader\VertexColor</Filter>
    </ClInclude>
  </ItemGroup>
  <ItemGroup>
    <None Include="..\..\..\App\ModelRenderer\Source\Shader\BaseColor\BaseColor.frag">
      <Filter>Shader\BaseColor</Filter>
    </None>
    <None Include="..\..\..\App\ModelRenderer\Source\Shader\BaseColor\BaseColor.json">
      <Filter>Shader\BaseColor</Filter>
    </None>
    <None Include="..\..\..\App\ModelRenderer\Source\Shader\BaseColor\BaseColor.vert">
      <Filter>Shader\BaseColor</Filter>
    </None>
    <None Include="..\..\..\App\ModelRenderer\Source\Shader\WireFrame\Wireframe.frag">
      <Filter>Shader\Wireframe</Filter>
    </None>
    <None Include="..\..\..\App\ModelRenderer\Source\Shader\WireFrame\Wireframe.json">
      <Filter>Shader\Wireframe</Filter>
    </None>
    <None Include="..\..\..\App\ModelRenderer\Source\Shader\WireFrame\Wireframe.vert">
      <Filter>Shader\Wireframe</Filter>
    </None>
    <None Include="..\..\..\App\ModelRenderer\Source\Shader\VertexColor\VertexColor.frag">
      <Filter>Shader\VertexColor</Filter>
    </None>
    <None Include="..\..\..\App\ModelRenderer\Source\Shader\VertexColor\VertexColor.json">
      <Filter>Shader\VertexColor</Filter>
    </None>
    <None Include="..\..\..\App\ModelRenderer\Source\Shader\VertexColor\VertexColor.vert">
      <Filter>Shader\VertexColor</Filter>
    </None>
  </ItemGroup>
</Project>